// !$*UTF8*$!
{
	archiveVersion = 1;
	classes = {
	};
	objectVersion = 50;
	objects = {

/* Begin PBXBuildFile section */
		420F8137220B3BDE00F54596 /* AppDelegate.swift in Sources */ = {isa = PBXBuildFile; fileRef = 420F8136220B3BDE00F54596 /* AppDelegate.swift */; };
		420F8139220B3BDE00F54596 /* ViewController.swift in Sources */ = {isa = PBXBuildFile; fileRef = 420F8138220B3BDE00F54596 /* ViewController.swift */; };
		420F813C220B3BDE00F54596 /* Main.storyboard in Resources */ = {isa = PBXBuildFile; fileRef = 420F813A220B3BDE00F54596 /* Main.storyboard */; };
		420F813E220B3BE000F54596 /* Assets.xcassets in Resources */ = {isa = PBXBuildFile; fileRef = 420F813D220B3BE000F54596 /* Assets.xcassets */; };
		420F8141220B3BE000F54596 /* LaunchScreen.storyboard in Resources */ = {isa = PBXBuildFile; fileRef = 420F813F220B3BE000F54596 /* LaunchScreen.storyboard */; };
		420F814C220B3BE000F54596 /* FileManagerTests.swift in Sources */ = {isa = PBXBuildFile; fileRef = 420F814B220B3BE000F54596 /* FileManagerTests.swift */; };
		428FF217220B462E0006A9A7 /* BundleDomainService.swift in Sources */ = {isa = PBXBuildFile; fileRef = 428FF216220B462E0006A9A7 /* BundleDomainService.swift */; };
		428FF21D220B49060006A9A7 /* IMG_0016.jpeg in Resources */ = {isa = PBXBuildFile; fileRef = 428FF218220B49050006A9A7 /* IMG_0016.jpeg */; };
		428FF21E220B49060006A9A7 /* IMG_3333.jpeg in Resources */ = {isa = PBXBuildFile; fileRef = 428FF219220B49050006A9A7 /* IMG_3333.jpeg */; };
		428FF21F220B49060006A9A7 /* IMG_3384.jpeg in Resources */ = {isa = PBXBuildFile; fileRef = 428FF21A220B49060006A9A7 /* IMG_3384.jpeg */; };
		428FF220220B49060006A9A7 /* IMG_0226.jpeg in Resources */ = {isa = PBXBuildFile; fileRef = 428FF21B220B49060006A9A7 /* IMG_0226.jpeg */; };
		428FF221220B49060006A9A7 /* IMG_2750.jpeg in Resources */ = {isa = PBXBuildFile; fileRef = 428FF21C220B49060006A9A7 /* IMG_2750.jpeg */; };
		428FF224220B4DE20006A9A7 /* MainScreenTableViewModel.swift in Sources */ = {isa = PBXBuildFile; fileRef = 428FF223220B4DE20006A9A7 /* MainScreenTableViewModel.swift */; };
		428FF227220B5C430006A9A7 /* ImagesViewController.swift in Sources */ = {isa = PBXBuildFile; fileRef = 428FF226220B5C430006A9A7 /* ImagesViewController.swift */; };
		428FF22A220B60AE0006A9A7 /* CollectionViewCell.swift in Sources */ = {isa = PBXBuildFile; fileRef = 428FF229220B60AE0006A9A7 /* CollectionViewCell.swift */; };
		428FF22F220B91290006A9A7 /* PlistsViewController.swift in Sources */ = {isa = PBXBuildFile; fileRef = 428FF22E220B91290006A9A7 /* PlistsViewController.swift */; };
		428FF233220B94FF0006A9A7 /* PlistContentViewController.swift in Sources */ = {isa = PBXBuildFile; fileRef = 428FF232220B94FF0006A9A7 /* PlistContentViewController.swift */; };
		428FF235220BA7070006A9A7 /* CountiesDomainModel.swift in Sources */ = {isa = PBXBuildFile; fileRef = 428FF234220BA7070006A9A7 /* CountiesDomainModel.swift */; };
/* End PBXBuildFile section */

/* Begin PBXContainerItemProxy section */
		420F8148220B3BE000F54596 /* PBXContainerItemProxy */ = {
			isa = PBXContainerItemProxy;
			containerPortal = 420F812B220B3BDE00F54596 /* Project object */;
			proxyType = 1;
			remoteGlobalIDString = 420F8132220B3BDE00F54596;
			remoteInfo = FileManager;
		};
/* End PBXContainerItemProxy section */

/* Begin PBXFileReference section */
		420F8133220B3BDE00F54596 /* FileManager.app */ = {isa = PBXFileReference; explicitFileType = wrapper.application; includeInIndex = 0; path = FileManager.app; sourceTree = BUILT_PRODUCTS_DIR; };
		420F8136220B3BDE00F54596 /* AppDelegate.swift */ = {isa = PBXFileReference; lastKnownFileType = sourcecode.swift; path = AppDelegate.swift; sourceTree = "<group>"; };
		420F8138220B3BDE00F54596 /* ViewController.swift */ = {isa = PBXFileReference; lastKnownFileType = sourcecode.swift; path = ViewController.swift; sourceTree = "<group>"; };
		420F813B220B3BDE00F54596 /* Base */ = {isa = PBXFileReference; lastKnownFileType = file.storyboard; name = Base; path = Base.lproj/Main.storyboard; sourceTree = "<group>"; };
		420F813D220B3BE000F54596 /* Assets.xcassets */ = {isa = PBXFileReference; lastKnownFileType = folder.assetcatalog; path = Assets.xcassets; sourceTree = "<group>"; };
		420F8140220B3BE000F54596 /* Base */ = {isa = PBXFileReference; lastKnownFileType = file.storyboard; name = Base; path = Base.lproj/LaunchScreen.storyboard; sourceTree = "<group>"; };
		420F8142220B3BE000F54596 /* Info.plist */ = {isa = PBXFileReference; lastKnownFileType = text.plist.xml; path = Info.plist; sourceTree = "<group>"; };
		420F8147220B3BE000F54596 /* FileManagerTests.xctest */ = {isa = PBXFileReference; explicitFileType = wrapper.cfbundle; includeInIndex = 0; path = FileManagerTests.xctest; sourceTree = BUILT_PRODUCTS_DIR; };
		420F814B220B3BE000F54596 /* FileManagerTests.swift */ = {isa = PBXFileReference; lastKnownFileType = sourcecode.swift; path = FileManagerTests.swift; sourceTree = "<group>"; };
		420F814D220B3BE000F54596 /* Info.plist */ = {isa = PBXFileReference; lastKnownFileType = text.plist.xml; path = Info.plist; sourceTree = "<group>"; };
		428FF216220B462E0006A9A7 /* BundleDomainService.swift */ = {isa = PBXFileReference; lastKnownFileType = sourcecode.swift; path = BundleDomainService.swift; sourceTree = "<group>"; };
		428FF218220B49050006A9A7 /* IMG_0016.jpeg */ = {isa = PBXFileReference; lastKnownFileType = image.jpeg; path = IMG_0016.jpeg; sourceTree = "<group>"; };
		428FF219220B49050006A9A7 /* IMG_3333.jpeg */ = {isa = PBXFileReference; lastKnownFileType = image.jpeg; path = IMG_3333.jpeg; sourceTree = "<group>"; };
		428FF21A220B49060006A9A7 /* IMG_3384.jpeg */ = {isa = PBXFileReference; lastKnownFileType = image.jpeg; path = IMG_3384.jpeg; sourceTree = "<group>"; };
		428FF21B220B49060006A9A7 /* IMG_0226.jpeg */ = {isa = PBXFileReference; lastKnownFileType = image.jpeg; path = IMG_0226.jpeg; sourceTree = "<group>"; };
		428FF21C220B49060006A9A7 /* IMG_2750.jpeg */ = {isa = PBXFileReference; lastKnownFileType = image.jpeg; path = IMG_2750.jpeg; sourceTree = "<group>"; };
		428FF223220B4DE20006A9A7 /* MainScreenTableViewModel.swift */ = {isa = PBXFileReference; lastKnownFileType = sourcecode.swift; path = MainScreenTableViewModel.swift; sourceTree = "<group>"; };
		428FF226220B5C430006A9A7 /* ImagesViewController.swift */ = {isa = PBXFileReference; lastKnownFileType = sourcecode.swift; path = ImagesViewController.swift; sourceTree = "<group>"; };
		428FF229220B60AE0006A9A7 /* CollectionViewCell.swift */ = {isa = PBXFileReference; lastKnownFileType = sourcecode.swift; path = CollectionViewCell.swift; sourceTree = "<group>"; };
		428FF22E220B91290006A9A7 /* PlistsViewController.swift */ = {isa = PBXFileReference; lastKnownFileType = sourcecode.swift; path = PlistsViewController.swift; sourceTree = "<group>"; };
		428FF232220B94FF0006A9A7 /* PlistContentViewController.swift */ = {isa = PBXFileReference; lastKnownFileType = sourcecode.swift; path = PlistContentViewController.swift; sourceTree = "<group>"; };
		428FF234220BA7070006A9A7 /* CountiesDomainModel.swift */ = {isa = PBXFileReference; lastKnownFileType = sourcecode.swift; path = CountiesDomainModel.swift; sourceTree = "<group>"; };
/* End PBXFileReference section */

/* Begin PBXFrameworksBuildPhase section */
		420F8130220B3BDE00F54596 /* Frameworks */ = {
			isa = PBXFrameworksBuildPhase;
			buildActionMask = 2147483647;
			files = (
			);
			runOnlyForDeploymentPostprocessing = 0;
		};
		420F8144220B3BE000F54596 /* Frameworks */ = {
			isa = PBXFrameworksBuildPhase;
			buildActionMask = 2147483647;
			files = (
			);
			runOnlyForDeploymentPostprocessing = 0;
		};
/* End PBXFrameworksBuildPhase section */

/* Begin PBXGroup section */
		420F812A220B3BDE00F54596 = {
			isa = PBXGroup;
			children = (
				420F8135220B3BDE00F54596 /* FileManager */,
				420F814A220B3BE000F54596 /* FileManagerTests */,
				420F8134220B3BDE00F54596 /* Products */,
			);
			sourceTree = "<group>";
		};
		420F8134220B3BDE00F54596 /* Products */ = {
			isa = PBXGroup;
			children = (
				420F8133220B3BDE00F54596 /* FileManager.app */,
				420F8147220B3BE000F54596 /* FileManagerTests.xctest */,
			);
			name = Products;
			sourceTree = "<group>";
		};
		420F8135220B3BDE00F54596 /* FileManager */ = {
			isa = PBXGroup;
			children = (
				420F8136220B3BDE00F54596 /* AppDelegate.swift */,
				428FF228220B5D940006A9A7 /* ViewControllers */,
				428FF216220B462E0006A9A7 /* BundleDomainService.swift */,
				420F813A220B3BDE00F54596 /* Main.storyboard */,
				420F813D220B3BE000F54596 /* Assets.xcassets */,
				420F813F220B3BE000F54596 /* LaunchScreen.storyboard */,
				420F8142220B3BE000F54596 /* Info.plist */,
				428FF218220B49050006A9A7 /* IMG_0016.jpeg */,
				428FF222220B493C0006A9A7 /* images */,
				428FF22D220B7F770006A9A7 /* plists */,
				428FF225220B50A50006A9A7 /* TableViewModel */,
				428FF237220BA76A0006A9A7 /* Cells */,
				428FF236220BA7580006A9A7 /* Models */,
			);
			path = FileManager;
			sourceTree = "<group>";
		};
		420F814A220B3BE000F54596 /* FileManagerTests */ = {
			isa = PBXGroup;
			children = (
				420F814B220B3BE000F54596 /* FileManagerTests.swift */,
				420F814D220B3BE000F54596 /* Info.plist */,
			);
			path = FileManagerTests;
			sourceTree = "<group>";
		};
		428FF222220B493C0006A9A7 /* images */ = {
			isa = PBXGroup;
			children = (
				428FF21B220B49060006A9A7 /* IMG_0226.jpeg */,
				428FF21C220B49060006A9A7 /* IMG_2750.jpeg */,
				428FF219220B49050006A9A7 /* IMG_3333.jpeg */,
				428FF21A220B49060006A9A7 /* IMG_3384.jpeg */,
			);
			name = images;
			sourceTree = "<group>";
		};
		428FF225220B50A50006A9A7 /* TableViewModel */ = {
			isa = PBXGroup;
			children = (
				428FF223220B4DE20006A9A7 /* MainScreenTableViewModel.swift */,
			);
			name = TableViewModel;
			sourceTree = "<group>";
		};
		428FF228220B5D940006A9A7 /* ViewControllers */ = {
			isa = PBXGroup;
			children = (
				420F8138220B3BDE00F54596 /* ViewController.swift */,
				428FF226220B5C430006A9A7 /* ImagesViewController.swift */,
				428FF22E220B91290006A9A7 /* PlistsViewController.swift */,
				428FF232220B94FF0006A9A7 /* PlistContentViewController.swift */,
			);
			name = ViewControllers;
			sourceTree = "<group>";
		};
		428FF22D220B7F770006A9A7 /* plists */ = {
			isa = PBXGroup;
			children = (
			);
			name = plists;
			sourceTree = "<group>";
		};
		428FF236220BA7580006A9A7 /* Models */ = {
			isa = PBXGroup;
			children = (
				428FF234220BA7070006A9A7 /* CountiesDomainModel.swift */,
			);
			name = Models;
			sourceTree = "<group>";
		};
		428FF237220BA76A0006A9A7 /* Cells */ = {
			isa = PBXGroup;
			children = (
				428FF229220B60AE0006A9A7 /* CollectionViewCell.swift */,
			);
			name = Cells;
			sourceTree = "<group>";
		};
/* End PBXGroup section */

/* Begin PBXNativeTarget section */
		420F8132220B3BDE00F54596 /* FileManager */ = {
			isa = PBXNativeTarget;
			buildConfigurationList = 420F8150220B3BE000F54596 /* Build configuration list for PBXNativeTarget "FileManager" */;
			buildPhases = (
				420F812F220B3BDE00F54596 /* Sources */,
				420F8130220B3BDE00F54596 /* Frameworks */,
				420F8131220B3BDE00F54596 /* Resources */,
			);
			buildRules = (
			);
			dependencies = (
			);
			name = FileManager;
			productName = FileManager;
			productReference = 420F8133220B3BDE00F54596 /* FileManager.app */;
			productType = "com.apple.product-type.application";
		};
		420F8146220B3BE000F54596 /* FileManagerTests */ = {
			isa = PBXNativeTarget;
			buildConfigurationList = 420F8153220B3BE000F54596 /* Build configuration list for PBXNativeTarget "FileManagerTests" */;
			buildPhases = (
				420F8143220B3BE000F54596 /* Sources */,
				420F8144220B3BE000F54596 /* Frameworks */,
				420F8145220B3BE000F54596 /* Resources */,
			);
			buildRules = (
			);
			dependencies = (
				420F8149220B3BE000F54596 /* PBXTargetDependency */,
			);
			name = FileManagerTests;
			productName = FileManagerTests;
			productReference = 420F8147220B3BE000F54596 /* FileManagerTests.xctest */;
			productType = "com.apple.product-type.bundle.unit-test";
		};
/* End PBXNativeTarget section */

/* Begin PBXProject section */
		420F812B220B3BDE00F54596 /* Project object */ = {
			isa = PBXProject;
			attributes = {
				LastSwiftUpdateCheck = 1010;
				LastUpgradeCheck = 1010;
				ORGANIZATIONNAME = "Andrey Doroshko";
				TargetAttributes = {
					420F8132220B3BDE00F54596 = {
						CreatedOnToolsVersion = 10.1;
					};
					420F8146220B3BE000F54596 = {
						CreatedOnToolsVersion = 10.1;
						TestTargetID = 420F8132220B3BDE00F54596;
					};
				};
			};
			buildConfigurationList = 420F812E220B3BDE00F54596 /* Build configuration list for PBXProject "FileManager" */;
			compatibilityVersion = "Xcode 9.3";
			developmentRegion = en;
			hasScannedForEncodings = 0;
			knownRegions = (
				en,
				Base,
			);
			mainGroup = 420F812A220B3BDE00F54596;
			productRefGroup = 420F8134220B3BDE00F54596 /* Products */;
			projectDirPath = "";
			projectRoot = "";
			targets = (
				420F8132220B3BDE00F54596 /* FileManager */,
				420F8146220B3BE000F54596 /* FileManagerTests */,
			);
		};
/* End PBXProject section */

/* Begin PBXResourcesBuildPhase section */
		420F8131220B3BDE00F54596 /* Resources */ = {
			isa = PBXResourcesBuildPhase;
			buildActionMask = 2147483647;
			files = (
				428FF21D220B49060006A9A7 /* IMG_0016.jpeg in Resources */,
				428FF220220B49060006A9A7 /* IMG_0226.jpeg in Resources */,
				420F8141220B3BE000F54596 /* LaunchScreen.storyboard in Resources */,
				428FF221220B49060006A9A7 /* IMG_2750.jpeg in Resources */,
				428FF21E220B49060006A9A7 /* IMG_3333.jpeg in Resources */,
				428FF21F220B49060006A9A7 /* IMG_3384.jpeg in Resources */,
				420F813E220B3BE000F54596 /* Assets.xcassets in Resources */,
				420F813C220B3BDE00F54596 /* Main.storyboard in Resources */,
			);
			runOnlyForDeploymentPostprocessing = 0;
		};
		420F8145220B3BE000F54596 /* Resources */ = {
			isa = PBXResourcesBuildPhase;
			buildActionMask = 2147483647;
			files = (
			);
			runOnlyForDeploymentPostprocessing = 0;
		};
/* End PBXResourcesBuildPhase section */

/* Begin PBXSourcesBuildPhase section */
		420F812F220B3BDE00F54596 /* Sources */ = {
			isa = PBXSourcesBuildPhase;
			buildActionMask = 2147483647;
			files = (
				428FF227220B5C430006A9A7 /* ImagesViewController.swift in Sources */,
				428FF22F220B91290006A9A7 /* PlistsViewController.swift in Sources */,
				428FF233220B94FF0006A9A7 /* PlistContentViewController.swift in Sources */,
				428FF217220B462E0006A9A7 /* BundleDomainService.swift in Sources */,
				428FF22A220B60AE0006A9A7 /* CollectionViewCell.swift in Sources */,
				428FF235220BA7070006A9A7 /* CountiesDomainModel.swift in Sources */,
				420F8139220B3BDE00F54596 /* ViewController.swift in Sources */,
				428FF224220B4DE20006A9A7 /* MainScreenTableViewModel.swift in Sources */,
				420F8137220B3BDE00F54596 /* AppDelegate.swift in Sources */,
			);
			runOnlyForDeploymentPostprocessing = 0;
		};
		420F8143220B3BE000F54596 /* Sources */ = {
			isa = PBXSourcesBuildPhase;
			buildActionMask = 2147483647;
			files = (
				420F814C220B3BE000F54596 /* FileManagerTests.swift in Sources */,
			);
			runOnlyForDeploymentPostprocessing = 0;
		};
/* End PBXSourcesBuildPhase section */

/* Begin PBXTargetDependency section */
		420F8149220B3BE000F54596 /* PBXTargetDependency */ = {
			isa = PBXTargetDependency;
			target = 420F8132220B3BDE00F54596 /* FileManager */;
			targetProxy = 420F8148220B3BE000F54596 /* PBXContainerItemProxy */;
		};
/* End PBXTargetDependency section */

/* Begin PBXVariantGroup section */
		420F813A220B3BDE00F54596 /* Main.storyboard */ = {
			isa = PBXVariantGroup;
			children = (
				420F813B220B3BDE00F54596 /* Base */,
			);
			name = Main.storyboard;
			sourceTree = "<group>";
		};
		420F813F220B3BE000F54596 /* LaunchScreen.storyboard */ = {
			isa = PBXVariantGroup;
			children = (
				420F8140220B3BE000F54596 /* Base */,
			);
			name = LaunchScreen.storyboard;
			sourceTree = "<group>";
		};
/* End PBXVariantGroup section */

/* Begin XCBuildConfiguration section */
		420F814E220B3BE000F54596 /* Debug */ = {
			isa = XCBuildConfiguration;
			buildSettings = {
				ALWAYS_SEARCH_USER_PATHS = NO;
				CLANG_ANALYZER_NONNULL = YES;
				CLANG_ANALYZER_NUMBER_OBJECT_CONVERSION = YES_AGGRESSIVE;
				CLANG_CXX_LANGUAGE_STANDARD = "gnu++14";
				CLANG_CXX_LIBRARY = "libc++";
				CLANG_ENABLE_MODULES = YES;
				CLANG_ENABLE_OBJC_ARC = YES;
				CLANG_ENABLE_OBJC_WEAK = YES;
				CLANG_WARN_BLOCK_CAPTURE_AUTORELEASING = YES;
				CLANG_WARN_BOOL_CONVERSION = YES;
				CLANG_WARN_COMMA = YES;
				CLANG_WARN_CONSTANT_CONVERSION = YES;
				CLANG_WARN_DEPRECATED_OBJC_IMPLEMENTATIONS = YES;
				CLANG_WARN_DIRECT_OBJC_ISA_USAGE = YES_ERROR;
				CLANG_WARN_DOCUMENTATION_COMMENTS = YES;
				CLANG_WARN_EMPTY_BODY = YES;
				CLANG_WARN_ENUM_CONVERSION = YES;
				CLANG_WARN_INFINITE_RECURSION = YES;
				CLANG_WARN_INT_CONVERSION = YES;
				CLANG_WARN_NON_LITERAL_NULL_CONVERSION = YES;
				CLANG_WARN_OBJC_IMPLICIT_RETAIN_SELF = YES;
				CLANG_WARN_OBJC_LITERAL_CONVERSION = YES;
				CLANG_WARN_OBJC_ROOT_CLASS = YES_ERROR;
				CLANG_WARN_RANGE_LOOP_ANALYSIS = YES;
				CLANG_WARN_STRICT_PROTOTYPES = YES;
				CLANG_WARN_SUSPICIOUS_MOVE = YES;
				CLANG_WARN_UNGUARDED_AVAILABILITY = YES_AGGRESSIVE;
				CLANG_WARN_UNREACHABLE_CODE = YES;
				CLANG_WARN__DUPLICATE_METHOD_MATCH = YES;
				CODE_SIGN_IDENTITY = "iPhone Developer";
				COPY_PHASE_STRIP = NO;
				DEBUG_INFORMATION_FORMAT = dwarf;
				ENABLE_STRICT_OBJC_MSGSEND = YES;
				ENABLE_TESTABILITY = YES;
				GCC_C_LANGUAGE_STANDARD = gnu11;
				GCC_DYNAMIC_NO_PIC = NO;
				GCC_NO_COMMON_BLOCKS = YES;
				GCC_OPTIMIZATION_LEVEL = 0;
				GCC_PREPROCESSOR_DEFINITIONS = (
					"DEBUG=1",
					"$(inherited)",
				);
				GCC_WARN_64_TO_32_BIT_CONVERSION = YES;
				GCC_WARN_ABOUT_RETURN_TYPE = YES_ERROR;
				GCC_WARN_UNDECLARED_SELECTOR = YES;
				GCC_WARN_UNINITIALIZED_AUTOS = YES_AGGRESSIVE;
				GCC_WARN_UNUSED_FUNCTION = YES;
				GCC_WARN_UNUSED_VARIABLE = YES;
				IPHONEOS_DEPLOYMENT_TARGET = 12.1;
				MTL_ENABLE_DEBUG_INFO = INCLUDE_SOURCE;
				MTL_FAST_MATH = YES;
				ONLY_ACTIVE_ARCH = YES;
				SDKROOT = iphoneos;
				SWIFT_ACTIVE_COMPILATION_CONDITIONS = DEBUG;
				SWIFT_OPTIMIZATION_LEVEL = "-Onone";
			};
			name = Debug;
		};
		420F814F220B3BE000F54596 /* Release */ = {
			isa = XCBuildConfiguration;
			buildSettings = {
				ALWAYS_SEARCH_USER_PATHS = NO;
				CLANG_ANALYZER_NONNULL = YES;
				CLANG_ANALYZER_NUMBER_OBJECT_CONVERSION = YES_AGGRESSIVE;
				CLANG_CXX_LANGUAGE_STANDARD = "gnu++14";
				CLANG_CXX_LIBRARY = "libc++";
				CLANG_ENABLE_MODULES = YES;
				CLANG_ENABLE_OBJC_ARC = YES;
				CLANG_ENABLE_OBJC_WEAK = YES;
				CLANG_WARN_BLOCK_CAPTURE_AUTORELEASING = YES;
				CLANG_WARN_BOOL_CONVERSION = YES;
				CLANG_WARN_COMMA = YES;
				CLANG_WARN_CONSTANT_CONVERSION = YES;
				CLANG_WARN_DEPRECATED_OBJC_IMPLEMENTATIONS = YES;
				CLANG_WARN_DIRECT_OBJC_ISA_USAGE = YES_ERROR;
				CLANG_WARN_DOCUMENTATION_COMMENTS = YES;
				CLANG_WARN_EMPTY_BODY = YES;
				CLANG_WARN_ENUM_CONVERSION = YES;
				CLANG_WARN_INFINITE_RECURSION = YES;
				CLANG_WARN_INT_CONVERSION = YES;
				CLANG_WARN_NON_LITERAL_NULL_CONVERSION = YES;
				CLANG_WARN_OBJC_IMPLICIT_RETAIN_SELF = YES;
				CLANG_WARN_OBJC_LITERAL_CONVERSION = YES;
				CLANG_WARN_OBJC_ROOT_CLASS = YES_ERROR;
				CLANG_WARN_RANGE_LOOP_ANALYSIS = YES;
				CLANG_WARN_STRICT_PROTOTYPES = YES;
				CLANG_WARN_SUSPICIOUS_MOVE = YES;
				CLANG_WARN_UNGUARDED_AVAILABILITY = YES_AGGRESSIVE;
				CLANG_WARN_UNREACHABLE_CODE = YES;
				CLANG_WARN__DUPLICATE_METHOD_MATCH = YES;
				CODE_SIGN_IDENTITY = "iPhone Developer";
				COPY_PHASE_STRIP = NO;
				DEBUG_INFORMATION_FORMAT = "dwarf-with-dsym";
				ENABLE_NS_ASSERTIONS = NO;
				ENABLE_STRICT_OBJC_MSGSEND = YES;
				GCC_C_LANGUAGE_STANDARD = gnu11;
				GCC_NO_COMMON_BLOCKS = YES;
				GCC_WARN_64_TO_32_BIT_CONVERSION = YES;
				GCC_WARN_ABOUT_RETURN_TYPE = YES_ERROR;
				GCC_WARN_UNDECLARED_SELECTOR = YES;
				GCC_WARN_UNINITIALIZED_AUTOS = YES_AGGRESSIVE;
				GCC_WARN_UNUSED_FUNCTION = YES;
				GCC_WARN_UNUSED_VARIABLE = YES;
				IPHONEOS_DEPLOYMENT_TARGET = 12.1;
				MTL_ENABLE_DEBUG_INFO = NO;
				MTL_FAST_MATH = YES;
				SDKROOT = iphoneos;
				SWIFT_COMPILATION_MODE = wholemodule;
				SWIFT_OPTIMIZATION_LEVEL = "-O";
				VALIDATE_PRODUCT = YES;
			};
			name = Release;
		};
		420F8151220B3BE000F54596 /* Debug */ = {
			isa = XCBuildConfiguration;
			buildSettings = {
				ASSETCATALOG_COMPILER_APPICON_NAME = AppIcon;
				CODE_SIGN_STYLE = Automatic;
				DEVELOPMENT_TEAM = 9W59Z6Q963;
				INFOPLIST_FILE = FileManager/Info.plist;
				LD_RUNPATH_SEARCH_PATHS = (
					"$(inherited)",
					"@executable_path/Frameworks",
				);
				PRODUCT_BUNDLE_IDENTIFIER = Personal.FileManager;
				PRODUCT_NAME = "$(TARGET_NAME)";
				SWIFT_VERSION = 4.2;
				TARGETED_DEVICE_FAMILY = "1,2";
			};
			name = Debug;
		};
		420F8152220B3BE000F54596 /* Release */ = {
			isa = XCBuildConfiguration;
			buildSettings = {
				ASSETCATALOG_COMPILER_APPICON_NAME = AppIcon;
				CODE_SIGN_STYLE = Automatic;
				DEVELOPMENT_TEAM = 9W59Z6Q963;
				INFOPLIST_FILE = FileManager/Info.plist;
				LD_RUNPATH_SEARCH_PATHS = (
					"$(inherited)",
					"@executable_path/Frameworks",
				);
				PRODUCT_BUNDLE_IDENTIFIER = Personal.FileManager;
				PRODUCT_NAME = "$(TARGET_NAME)";
				SWIFT_VERSION = 4.2;
				TARGETED_DEVICE_FAMILY = "1,2";
			};
			name = Release;
		};
		420F8154220B3BE000F54596 /* Debug */ = {
			isa = XCBuildConfiguration;
			buildSettings = {
				ALWAYS_EMBED_SWIFT_STANDARD_LIBRARIES = YES;
				BUNDLE_LOADER = "$(TEST_HOST)";
				CODE_SIGN_STYLE = Automatic;
				DEVELOPMENT_TEAM = 9W59Z6Q963;
				INFOPLIST_FILE = FileManagerTests/Info.plist;
				LD_RUNPATH_SEARCH_PATHS = (
					"$(inherited)",
					"@executable_path/Frameworks",
					"@loader_path/Frameworks",
				);
				PRODUCT_BUNDLE_IDENTIFIER = Personal.FileManagerTests;
				PRODUCT_NAME = "$(TARGET_NAME)";
				SWIFT_VERSION = 4.2;
				TARGETED_DEVICE_FAMILY = "1,2";
				TEST_HOST = "$(BUILT_PRODUCTS_DIR)/FileManager.app/FileManager";
			};
			name = Debug;
		};
		420F8155220B3BE000F54596 /* Release */ = {
			isa = XCBuildConfiguration;
			buildSettings = {
				ALWAYS_EMBED_SWIFT_STANDARD_LIBRARIES = YES;
				BUNDLE_LOADER = "$(TEST_HOST)";
				CODE_SIGN_STYLE = Automatic;
				DEVELOPMENT_TEAM = 9W59Z6Q963;
				INFOPLIST_FILE = FileManagerTests/Info.plist;
				LD_RUNPATH_SEARCH_PATHS = (
					"$(inherited)",
					"@executable_path/Frameworks",
					"@loader_path/Frameworks",
				);
				PRODUCT_BUNDLE_IDENTIFIER = Personal.FileManagerTests;
				PRODUCT_NAME = "$(TARGET_NAME)";
				SWIFT_VERSION = 4.2;
				TARGETED_DEVICE_FAMILY = "1,2";
				TEST_HOST = "$(BUILT_PRODUCTS_DIR)/FileManager.app/FileManager";
			};
			name = Release;
		};
/* End XCBuildConfiguration section */

/* Begin XCConfigurationList section */
		420F812E220B3BDE00F54596 /* Build configuration list for PBXProject "FileManager" */ = {
			isa = XCConfigurationList;
			buildConfigurations = (
				420F814E220B3BE000F54596 /* Debug */,
				420F814F220B3BE000F54596 /* Release */,
			);
			defaultConfigurationIsVisible = 0;
			defaultConfigurationName = Release;
		};
		420F8150220B3BE000F54596 /* Build configuration list for PBXNativeTarget "FileManager" */ = {
			isa = XCConfigurationList;
			buildConfigurations = (
				420F8151220B3BE000F54596 /* Debug */,
				420F8152220B3BE000F54596 /* Release */,
			);
			defaultConfigurationIsVisible = 0;
			defaultConfigurationName = Release;
		};
		420F8153220B3BE000F54596 /* Build configuration list for PBXNativeTarget "FileManagerTests" */ = {
			isa = XCConfigurationList;
			buildConfigurations = (
				420F8154220B3BE000F54596 /* Debug */,
				420F8155220B3BE000F54596 /* Release */,
			);
			defaultConfigurationIsVisible = 0;
			defaultConfigurationName = Release;
		};
/* End XCConfigurationList section */
	};
	rootObject = 420F812B220B3BDE00F54596 /* Project object */;
}
